
Microsoft Visual Studio Solution File, Format Version 12.00
# Visual Studio 15
VisualStudioVersion = 15.0.28307.572
MinimumVisualStudioVersion = 10.0.40219.1
Project("{9A19103F-16F7-4668-BE54-9A1E7A4F7556}") = "HomeWork", "Home Work\HomeWork.csproj", "{9436C9C7-670A-4F49-AC65-561DB36E5D02}"
EndProject
Project("{9A19103F-16F7-4668-BE54-9A1E7A4F7556}") = "Practice", "ConsoleApp1\Practice.csproj", "{C2B86447-3681-4F54-A64E-B2469B9833F4}"
EndProject
Project("{FAE04EC0-301F-11D3-BF4B-00C04F79EFBC}") = "WorkPaint", "Work Paint\WorkPaint.csproj", "{98D75DCF-D43D-4747-90AE-B9E8A7AE470B}"
EndProject
Global
	GlobalSection(SolutionConfigurationPlatforms) = preSolution
		Debug|Any CPU = Debug|Any CPU
		Release|Any CPU = Release|Any CPU
	EndGlobalSection
	GlobalSection(ProjectConfigurationPlatforms) = postSolution
		{9436C9C7-670A-4F49-AC65-561DB36E5D02}.Debug|Any CPU.ActiveCfg = Debug|Any CPU
		{9436C9C7-670A-4F49-AC65-561DB36E5D02}.Debug|Any CPU.Build.0 = Debug|Any CPU
		{9436C9C7-670A-4F49-AC65-561DB36E5D02}.Release|Any CPU.ActiveCfg = Release|Any CPU
		{9436C9C7-670A-4F49-AC65-561DB36E5D02}.Release|Any CPU.Build.0 = Release|Any CPU
		{C2B86447-3681-4F54-A64E-B2469B9833F4}.Debug|Any CPU.ActiveCfg = Debug|Any CPU
		{C2B86447-3681-4F54-A64E-B2469B9833F4}.Debug|Any CPU.Build.0 = Debug|Any CPU
		{C2B86447-3681-4F54-A64E-B2469B9833F4}.Release|Any CPU.ActiveCfg = Release|Any CPU
		{C2B86447-3681-4F54-A64E-B2469B9833F4}.Release|Any CPU.Build.0 = Release|Any CPU
		{98D75DCF-D43D-4747-90AE-B9E8A7AE470B}.Debug|Any CPU.ActiveCfg = Debug|Any CPU
		{98D75DCF-D43D-4747-90AE-B9E8A7AE470B}.Debug|Any CPU.Build.0 = Debug|Any CPU
		{98D75DCF-D43D-4747-90AE-B9E8A7AE470B}.Release|Any CPU.ActiveCfg = Release|Any CPU
		{98D75DCF-D43D-4747-90AE-B9E8A7AE470B}.Release|Any CPU.Build.0 = Release|Any CPU
	EndGlobalSection
	GlobalSection(SolutionProperties) = preSolution
		HideSolutionNode = FALSE
	EndGlobalSection
	GlobalSection(ExtensibilityGlobals) = postSolution
		SolutionGuid = {738CADBA-1014-4353-92D8-C2FAB8F44B4C}
	EndGlobalSection
EndGlobal
