
Microsoft Visual Studio Solution File, Format Version 12.00
# Visual Studio 15
VisualStudioVersion = 15.0.28307.572
MinimumVisualStudioVersion = 10.0.40219.1
Project("{9A19103F-16F7-4668-BE54-9A1E7A4F7556}") = "Home Work", "Home Work\Home Work.csproj", "{9436C9C7-670A-4F49-AC65-561DB36E5D02}"
EndProject
Project("{9A19103F-16F7-4668-BE54-9A1E7A4F7556}") = "Practice", "ConsoleApp1\Practice.csproj", "{C2B86447-3681-4F54-A64E-B2469B9833F4}"
EndProject
Project("{9A19103F-16F7-4668-BE54-9A1E7A4F7556}") = "Show", "ConsoleApp2\Show.csproj", "{475F3E21-B1D2-4C94-8984-AD3E68F0EB7D}"
EndProject
Global
	GlobalSection(SolutionConfigurationPlatforms) = preSolution
		Debug|Any CPU = Debug|Any CPU
		Release|Any CPU = Release|Any CPU
	EndGlobalSection
	GlobalSection(ProjectConfigurationPlatforms) = postSolution
		{9436C9C7-670A-4F49-AC65-561DB36E5D02}.Debug|Any CPU.ActiveCfg = Debug|Any CPU
		{9436C9C7-670A-4F49-AC65-561DB36E5D02}.Debug|Any CPU.Build.0 = Debug|Any CPU
		{9436C9C7-670A-4F49-AC65-561DB36E5D02}.Release|Any CPU.ActiveCfg = Release|Any CPU
		{9436C9C7-670A-4F49-AC65-561DB36E5D02}.Release|Any CPU.Build.0 = Release|Any CPU
		{C2B86447-3681-4F54-A64E-B2469B9833F4}.Debug|Any CPU.ActiveCfg = Debug|Any CPU
		{C2B86447-3681-4F54-A64E-B2469B9833F4}.Debug|Any CPU.Build.0 = Debug|Any CPU
		{C2B86447-3681-4F54-A64E-B2469B9833F4}.Release|Any CPU.ActiveCfg = Release|Any CPU
		{C2B86447-3681-4F54-A64E-B2469B9833F4}.Release|Any CPU.Build.0 = Release|Any CPU
		{475F3E21-B1D2-4C94-8984-AD3E68F0EB7D}.Debug|Any CPU.ActiveCfg = Debug|Any CPU
		{475F3E21-B1D2-4C94-8984-AD3E68F0EB7D}.Debug|Any CPU.Build.0 = Debug|Any CPU
		{475F3E21-B1D2-4C94-8984-AD3E68F0EB7D}.Release|Any CPU.ActiveCfg = Release|Any CPU
		{475F3E21-B1D2-4C94-8984-AD3E68F0EB7D}.Release|Any CPU.Build.0 = Release|Any CPU
	EndGlobalSection
	GlobalSection(SolutionProperties) = preSolution
		HideSolutionNode = FALSE
	EndGlobalSection
	GlobalSection(ExtensibilityGlobals) = postSolution
		SolutionGuid = {738CADBA-1014-4353-92D8-C2FAB8F44B4C}
	EndGlobalSection
EndGlobal
