
Microsoft Visual Studio Solution File, Format Version 12.00
# Visual Studio 15
VisualStudioVersion = 15.0.28307.572
MinimumVisualStudioVersion = 10.0.40219.1
Project("{9A19103F-16F7-4668-BE54-9A1E7A4F7556}") = "HomeWork", "Home Work\HomeWork.csproj", "{9436C9C7-670A-4F49-AC65-561DB36E5D02}"
EndProject
Project("{FAE04EC0-301F-11D3-BF4B-00C04F79EFBC}") = "WorkPaint", "Work Paint\WorkPaint.csproj", "{98D75DCF-D43D-4747-90AE-B9E8A7AE470B}"
EndProject
Project("{9A19103F-16F7-4668-BE54-9A1E7A4F7556}") = "Practice", "Practice\Practice.csproj", "{8DF658D7-CAFA-4D44-962A-4BB8DC0D907D}"
EndProject
Project("{9A19103F-16F7-4668-BE54-9A1E7A4F7556}") = "CoreWeb", "CoreWeb\CoreWeb.csproj", "{D7F3D1D9-1E84-4D4B-9BE8-A337FF78A602}"
EndProject
Project("{2150E333-8FDC-42A3-9474-1A3956D46DE8}") = "ASPNET", "ASPNET", "{A40BC5B1-C099-4E15-8438-6803043B6BB5}"
EndProject
Project("{9A19103F-16F7-4668-BE54-9A1E7A4F7556}") = "SRV", "SRV\SRV.csproj", "{E62C89CC-E6B8-4B4C-90BD-310712A59FF3}"
EndProject
Project("{9A19103F-16F7-4668-BE54-9A1E7A4F7556}") = "BLL", "BLL\BLL.csproj", "{39017403-F4B9-4B2A-B94E-2C7529D85F77}"
EndProject
Project("{9A19103F-16F7-4668-BE54-9A1E7A4F7556}") = "DBFactory", "DBFactory\DBFactory.csproj", "{AD57FA28-4DAD-4D7D-B778-C2C5BDE80E92}"
EndProject
Project("{FAE04EC0-301F-11D3-BF4B-00C04F79EFBC}") = "MyTest", "Mytest\MyTest.csproj", "{C6B01C87-34EB-44E8-9C1F-AA091EDBABA0}"
EndProject
Global
	GlobalSection(SolutionConfigurationPlatforms) = preSolution
		Debug|Any CPU = Debug|Any CPU
		Release|Any CPU = Release|Any CPU
	EndGlobalSection
	GlobalSection(ProjectConfigurationPlatforms) = postSolution
		{9436C9C7-670A-4F49-AC65-561DB36E5D02}.Debug|Any CPU.ActiveCfg = Debug|Any CPU
		{9436C9C7-670A-4F49-AC65-561DB36E5D02}.Debug|Any CPU.Build.0 = Debug|Any CPU
		{9436C9C7-670A-4F49-AC65-561DB36E5D02}.Release|Any CPU.ActiveCfg = Release|Any CPU
		{9436C9C7-670A-4F49-AC65-561DB36E5D02}.Release|Any CPU.Build.0 = Release|Any CPU
		{98D75DCF-D43D-4747-90AE-B9E8A7AE470B}.Debug|Any CPU.ActiveCfg = Debug|Any CPU
		{98D75DCF-D43D-4747-90AE-B9E8A7AE470B}.Debug|Any CPU.Build.0 = Debug|Any CPU
		{98D75DCF-D43D-4747-90AE-B9E8A7AE470B}.Release|Any CPU.ActiveCfg = Release|Any CPU
		{98D75DCF-D43D-4747-90AE-B9E8A7AE470B}.Release|Any CPU.Build.0 = Release|Any CPU
		{8DF658D7-CAFA-4D44-962A-4BB8DC0D907D}.Debug|Any CPU.ActiveCfg = Debug|Any CPU
		{8DF658D7-CAFA-4D44-962A-4BB8DC0D907D}.Debug|Any CPU.Build.0 = Debug|Any CPU
		{8DF658D7-CAFA-4D44-962A-4BB8DC0D907D}.Release|Any CPU.ActiveCfg = Release|Any CPU
		{8DF658D7-CAFA-4D44-962A-4BB8DC0D907D}.Release|Any CPU.Build.0 = Release|Any CPU
		{D7F3D1D9-1E84-4D4B-9BE8-A337FF78A602}.Debug|Any CPU.ActiveCfg = Debug|Any CPU
		{D7F3D1D9-1E84-4D4B-9BE8-A337FF78A602}.Debug|Any CPU.Build.0 = Debug|Any CPU
		{D7F3D1D9-1E84-4D4B-9BE8-A337FF78A602}.Release|Any CPU.ActiveCfg = Release|Any CPU
		{D7F3D1D9-1E84-4D4B-9BE8-A337FF78A602}.Release|Any CPU.Build.0 = Release|Any CPU
		{E62C89CC-E6B8-4B4C-90BD-310712A59FF3}.Debug|Any CPU.ActiveCfg = Debug|Any CPU
		{E62C89CC-E6B8-4B4C-90BD-310712A59FF3}.Debug|Any CPU.Build.0 = Debug|Any CPU
		{E62C89CC-E6B8-4B4C-90BD-310712A59FF3}.Release|Any CPU.ActiveCfg = Release|Any CPU
		{E62C89CC-E6B8-4B4C-90BD-310712A59FF3}.Release|Any CPU.Build.0 = Release|Any CPU
		{39017403-F4B9-4B2A-B94E-2C7529D85F77}.Debug|Any CPU.ActiveCfg = Debug|Any CPU
		{39017403-F4B9-4B2A-B94E-2C7529D85F77}.Debug|Any CPU.Build.0 = Debug|Any CPU
		{39017403-F4B9-4B2A-B94E-2C7529D85F77}.Release|Any CPU.ActiveCfg = Release|Any CPU
		{39017403-F4B9-4B2A-B94E-2C7529D85F77}.Release|Any CPU.Build.0 = Release|Any CPU
		{AD57FA28-4DAD-4D7D-B778-C2C5BDE80E92}.Debug|Any CPU.ActiveCfg = Debug|Any CPU
		{AD57FA28-4DAD-4D7D-B778-C2C5BDE80E92}.Debug|Any CPU.Build.0 = Debug|Any CPU
		{AD57FA28-4DAD-4D7D-B778-C2C5BDE80E92}.Release|Any CPU.ActiveCfg = Release|Any CPU
		{AD57FA28-4DAD-4D7D-B778-C2C5BDE80E92}.Release|Any CPU.Build.0 = Release|Any CPU
		{C6B01C87-34EB-44E8-9C1F-AA091EDBABA0}.Debug|Any CPU.ActiveCfg = Debug|Any CPU
		{C6B01C87-34EB-44E8-9C1F-AA091EDBABA0}.Debug|Any CPU.Build.0 = Debug|Any CPU
		{C6B01C87-34EB-44E8-9C1F-AA091EDBABA0}.Release|Any CPU.ActiveCfg = Release|Any CPU
		{C6B01C87-34EB-44E8-9C1F-AA091EDBABA0}.Release|Any CPU.Build.0 = Release|Any CPU
	EndGlobalSection
	GlobalSection(SolutionProperties) = preSolution
		HideSolutionNode = FALSE
	EndGlobalSection
	GlobalSection(NestedProjects) = preSolution
		{D7F3D1D9-1E84-4D4B-9BE8-A337FF78A602} = {A40BC5B1-C099-4E15-8438-6803043B6BB5}
		{E62C89CC-E6B8-4B4C-90BD-310712A59FF3} = {A40BC5B1-C099-4E15-8438-6803043B6BB5}
		{39017403-F4B9-4B2A-B94E-2C7529D85F77} = {A40BC5B1-C099-4E15-8438-6803043B6BB5}
		{AD57FA28-4DAD-4D7D-B778-C2C5BDE80E92} = {A40BC5B1-C099-4E15-8438-6803043B6BB5}
		{C6B01C87-34EB-44E8-9C1F-AA091EDBABA0} = {A40BC5B1-C099-4E15-8438-6803043B6BB5}
	EndGlobalSection
	GlobalSection(ExtensibilityGlobals) = postSolution
		SolutionGuid = {738CADBA-1014-4353-92D8-C2FAB8F44B4C}
	EndGlobalSection
EndGlobal
